// !$*UTF8*$!
{
	archiveVersion = 1;
	classes = {
	};
	objectVersion = 77;
	objects = {

/* Begin PBXBuildFile section */
		2B616D012FC5900000010001 /* MarmotKit in Frameworks */ = {isa = PBXBuildFile; productRef = 2B616D022FC5900000010001 /* MarmotKit */; };
/* End PBXBuildFile section */

/* Begin PBXContainerItemProxy section */
		1F5D02302FC5862F0016665B /* PBXContainerItemProxy */ = {
			isa = PBXContainerItemProxy;
			containerPortal = 1F5D02182FC5862E0016665B /* Project object */;
			proxyType = 1;
			remoteGlobalIDString = 1F5D021F2FC5862E0016665B;
			remoteInfo = "whitenoise-mac";
		};
		1F5D023A2FC5862F0016665B /* PBXContainerItemProxy */ = {
			isa = PBXContainerItemProxy;
			containerPortal = 1F5D02182FC5862E0016665B /* Project object */;
			proxyType = 1;
			remoteGlobalIDString = 1F5D021F2FC5862E0016665B;
			remoteInfo = "whitenoise-mac";
		};
/* End PBXContainerItemProxy section */

/* Begin PBXFileReference section */
		1F5D02202FC5862E0016665B /* White Noise.app */ = {isa = PBXFileReference; explicitFileType = wrapper.application; includeInIndex = 0; path = "White Noise.app"; sourceTree = BUILT_PRODUCTS_DIR; };
		1F5D022F2FC5862F0016665B /* whitenoise-macTests.xctest */ = {isa = PBXFileReference; explicitFileType = wrapper.cfbundle; includeInIndex = 0; path = "whitenoise-macTests.xctest"; sourceTree = BUILT_PRODUCTS_DIR; };
		1F5D02392FC5862F0016665B /* whitenoise-macUITests.xctest */ = {isa = PBXFileReference; explicitFileType = wrapper.cfbundle; includeInIndex = 0; path = "whitenoise-macUITests.xctest"; sourceTree = BUILT_PRODUCTS_DIR; };
		2B616D042FCF000000010001 /* Config/AppBuild.xcconfig */ = {isa = PBXFileReference; lastKnownFileType = text.xcconfig; path = Config/AppBuild.xcconfig; sourceTree = "<group>"; };
		2B616D052FCF100000010001 /* PR.xctestplan */ = {isa = PBXFileReference; lastKnownFileType = text; path = PR.xctestplan; sourceTree = "<group>"; };
/* End PBXFileReference section */

/* Begin PBXFileSystemSynchronizedRootGroup section */
		1F5D02222FC5862E0016665B /* whitenoise-mac */ = {
			isa = PBXFileSystemSynchronizedRootGroup;
			path = "whitenoise-mac";
			sourceTree = "<group>";
		};
		1F5D02322FC5862F0016665B /* whitenoise-macTests */ = {
			isa = PBXFileSystemSynchronizedRootGroup;
			path = "whitenoise-macTests";
			sourceTree = "<group>";
		};
		1F5D023C2FC5862F0016665B /* whitenoise-macUITests */ = {
			isa = PBXFileSystemSynchronizedRootGroup;
			path = "whitenoise-macUITests";
			sourceTree = "<group>";
		};
/* End PBXFileSystemSynchronizedRootGroup section */

/* Begin PBXFrameworksBuildPhase section */
		1F5D021D2FC5862E0016665B /* Frameworks */ = {
			isa = PBXFrameworksBuildPhase;
			buildActionMask = 2147483647;
			files = (
				2B616D012FC5900000010001 /* MarmotKit in Frameworks */,
			);
			runOnlyForDeploymentPostprocessing = 0;
		};
		1F5D022C2FC5862F0016665B /* Frameworks */ = {
			isa = PBXFrameworksBuildPhase;
			buildActionMask = 2147483647;
			files = (
			);
			runOnlyForDeploymentPostprocessing = 0;
		};
		1F5D02362FC5862F0016665B /* Frameworks */ = {
			isa = PBXFrameworksBuildPhase;
			buildActionMask = 2147483647;
			files = (
			);
			runOnlyForDeploymentPostprocessing = 0;
		};
/* End PBXFrameworksBuildPhase section */

/* Begin PBXGroup section */
		1F5D02172FC5862E0016665B = {
			isa = PBXGroup;
			children = (
				2B616D042FCF000000010001 /* Config/AppBuild.xcconfig */,
				2B616D072FCF100000010001 /* TestPlans */,
				1F5D02222FC5862E0016665B /* whitenoise-mac */,
				1F5D02322FC5862F0016665B /* whitenoise-macTests */,
				1F5D023C2FC5862F0016665B /* whitenoise-macUITests */,
				1F5D02212FC5862E0016665B /* Products */,
			);
			sourceTree = "<group>";
		};
		1F5D02212FC5862E0016665B /* Products */ = {
			isa = PBXGroup;
			children = (
				1F5D02202FC5862E0016665B /* White Noise.app */,
				1F5D022F2FC5862F0016665B /* whitenoise-macTests.xctest */,
				1F5D02392FC5862F0016665B /* whitenoise-macUITests.xctest */,
			);
			name = Products;
			sourceTree = "<group>";
		};
		2B616D072FCF100000010001 /* TestPlans */ = {
			isa = PBXGroup;
			children = (
				2B616D052FCF100000010001 /* PR.xctestplan */,
			);
			path = TestPlans;
			sourceTree = "<group>";
		};
/* End PBXGroup section */

/* Begin PBXNativeTarget section */
		1F5D021F2FC5862E0016665B /* whitenoise-mac */ = {
			isa = PBXNativeTarget;
			buildConfigurationList = 1F5D02432FC5862F0016665B /* Build configuration list for PBXNativeTarget "whitenoise-mac" */;
			buildPhases = (
				1F5D021C2FC5862E0016665B /* Sources */,
				1F5D021D2FC5862E0016665B /* Frameworks */,
				1F5D021E2FC5862E0016665B /* Resources */,
			);
			buildRules = (
			);
			dependencies = (
			);
			fileSystemSynchronizedGroups = (
				1F5D02222FC5862E0016665B /* whitenoise-mac */,
			);
			name = "whitenoise-mac";
			packageProductDependencies = (
				2B616D022FC5900000010001 /* MarmotKit */,
			);
			productName = "whitenoise-mac";
			productReference = 1F5D02202FC5862E0016665B /* White Noise.app */;
			productType = "com.apple.product-type.application";
		};
		1F5D022E2FC5862F0016665B /* whitenoise-macTests */ = {
			isa = PBXNativeTarget;
			buildConfigurationList = 1F5D02462FC5862F0016665B /* Build configuration list for PBXNativeTarget "whitenoise-macTests" */;
			buildPhases = (
				1F5D022B2FC5862F0016665B /* Sources */,
				1F5D022C2FC5862F0016665B /* Frameworks */,
				1F5D022D2FC5862F0016665B /* Resources */,
			);
			buildRules = (
			);
			dependencies = (
				1F5D02312FC5862F0016665B /* PBXTargetDependency */,
			);
			fileSystemSynchronizedGroups = (
				1F5D02322FC5862F0016665B /* whitenoise-macTests */,
			);
			name = "whitenoise-macTests";
			packageProductDependencies = (
			);
			productName = "whitenoise-macTests";
			productReference = 1F5D022F2FC5862F0016665B /* whitenoise-macTests.xctest */;
			productType = "com.apple.product-type.bundle.unit-test";
		};
		1F5D02382FC5862F0016665B /* whitenoise-macUITests */ = {
			isa = PBXNativeTarget;
			buildConfigurationList = 1F5D02492FC5862F0016665B /* Build configuration list for PBXNativeTarget "whitenoise-macUITests" */;
			buildPhases = (
				1F5D02352FC5862F0016665B /* Sources */,
				1F5D02362FC5862F0016665B /* Frameworks */,
				1F5D02372FC5862F0016665B /* Resources */,
			);
			buildRules = (
			);
			dependencies = (
				1F5D023B2FC5862F0016665B /* PBXTargetDependency */,
			);
			fileSystemSynchronizedGroups = (
				1F5D023C2FC5862F0016665B /* whitenoise-macUITests */,
			);
			name = "whitenoise-macUITests";
			packageProductDependencies = (
			);
			productName = "whitenoise-macUITests";
			productReference = 1F5D02392FC5862F0016665B /* whitenoise-macUITests.xctest */;
			productType = "com.apple.product-type.bundle.ui-testing";
		};
/* End PBXNativeTarget section */

/* Begin PBXProject section */
		1F5D02182FC5862E0016665B /* Project object */ = {
			isa = PBXProject;
			attributes = {
				BuildIndependentTargetsInParallel = 1;
				LastSwiftUpdateCheck = 2650;
				LastUpgradeCheck = 2650;
				TargetAttributes = {
					1F5D021F2FC5862E0016665B = {
						CreatedOnToolsVersion = 26.5;
					};
					1F5D022E2FC5862F0016665B = {
						CreatedOnToolsVersion = 26.5;
						TestTargetID = 1F5D021F2FC5862E0016665B;
					};
					1F5D02382FC5862F0016665B = {
						CreatedOnToolsVersion = 26.5;
						TestTargetID = 1F5D021F2FC5862E0016665B;
					};
				};
			};
			buildConfigurationList = 1F5D021B2FC5862E0016665B /* Build configuration list for PBXProject "whitenoise-mac" */;
			developmentRegion = en;
			hasScannedForEncodings = 0;
			knownRegions = (
				en,
				Base,
				de,
				es,
				fr,
				it,
				pt,
				ru,
				tr,
				"zh-Hans",
				"zh-Hant",
			);
			mainGroup = 1F5D02172FC5862E0016665B;
			minimizedProjectReferenceProxies = 1;
			packageReferences = (
				2B616D032FC5900000010001 /* XCLocalSwiftPackageReference "Vendored/MarmotKit" */,
			);
			preferredProjectObjectVersion = 77;
			productRefGroup = 1F5D02212FC5862E0016665B /* Products */;
			projectDirPath = "";
			projectRoot = "";
			targets = (
				1F5D021F2FC5862E0016665B /* whitenoise-mac */,
				1F5D022E2FC5862F0016665B /* whitenoise-macTests */,
				1F5D02382FC5862F0016665B /* whitenoise-macUITests */,
			);
		};
/* End PBXProject section */

/* Begin PBXResourcesBuildPhase section */
		1F5D021E2FC5862E0016665B /* Resources */ = {
			isa = PBXResourcesBuildPhase;
			buildActionMask = 2147483647;
			files = (
			);
			runOnlyForDeploymentPostprocessing = 0;
		};
		1F5D022D2FC5862F0016665B /* Resources */ = {
			isa = PBXResourcesBuildPhase;
			buildActionMask = 2147483647;
			files = (
			);
			runOnlyForDeploymentPostprocessing = 0;
		};
		1F5D02372FC5862F0016665B /* Resources */ = {
			isa = PBXResourcesBuildPhase;
			buildActionMask = 2147483647;
			files = (
			);
			runOnlyForDeploymentPostprocessing = 0;
		};
/* End PBXResourcesBuildPhase section */

/* Begin PBXSourcesBuildPhase section */
		1F5D021C2FC5862E0016665B /* Sources */ = {
			isa = PBXSourcesBuildPhase;
			buildActionMask = 2147483647;
			files = (
			);
			runOnlyForDeploymentPostprocessing = 0;
		};
		1F5D022B2FC5862F0016665B /* Sources */ = {
			isa = PBXSourcesBuildPhase;
			buildActionMask = 2147483647;
			files = (
			);
			runOnlyForDeploymentPostprocessing = 0;
		};
		1F5D02352FC5862F0016665B /* Sources */ = {
			isa = PBXSourcesBuildPhase;
			buildActionMask = 2147483647;
			files = (
			);
			runOnlyForDeploymentPostprocessing = 0;
		};
/* End PBXSourcesBuildPhase section */

/* Begin PBXTargetDependency section */
		1F5D02312FC5862F0016665B /* PBXTargetDependency */ = {
			isa = PBXTargetDependency;
			target = 1F5D021F2FC5862E0016665B /* whitenoise-mac */;
			targetProxy = 1F5D02302FC5862F0016665B /* PBXContainerItemProxy */;
		};
		1F5D023B2FC5862F0016665B /* PBXTargetDependency */ = {
			isa = PBXTargetDependency;
			target = 1F5D021F2FC5862E0016665B /* whitenoise-mac */;
			targetProxy = 1F5D023A2FC5862F0016665B /* PBXContainerItemProxy */;
		};
/* End PBXTargetDependency section */

/* Begin XCBuildConfiguration section */
		1F5D02412FC5862F0016665B /* Debug */ = {
			isa = XCBuildConfiguration;
			buildSettings = {
				ALWAYS_SEARCH_USER_PATHS = NO;
				ASSETCATALOG_COMPILER_GENERATE_SWIFT_ASSET_SYMBOL_EXTENSIONS = YES;
				CLANG_ANALYZER_NONNULL = YES;
				CLANG_ANALYZER_NUMBER_OBJECT_CONVERSION = YES_AGGRESSIVE;
				CLANG_CXX_LANGUAGE_STANDARD = "gnu++20";
				CLANG_ENABLE_MODULES = YES;
				CLANG_ENABLE_OBJC_ARC = YES;
				CLANG_ENABLE_OBJC_WEAK = YES;
				CLANG_WARN_BLOCK_CAPTURE_AUTORELEASING = YES;
				CLANG_WARN_BOOL_CONVERSION = YES;
				CLANG_WARN_COMMA = YES;
				CLANG_WARN_CONSTANT_CONVERSION = YES;
				CLANG_WARN_DEPRECATED_OBJC_IMPLEMENTATIONS = YES;
				CLANG_WARN_DIRECT_OBJC_ISA_USAGE = YES_ERROR;
				CLANG_WARN_DOCUMENTATION_COMMENTS = YES;
				CLANG_WARN_EMPTY_BODY = YES;
				CLANG_WARN_ENUM_CONVERSION = YES;
				CLANG_WARN_INFINITE_RECURSION = YES;
				CLANG_WARN_INT_CONVERSION = YES;
				CLANG_WARN_NON_LITERAL_NULL_CONVERSION = YES;
				CLANG_WARN_OBJC_IMPLICIT_RETAIN_SELF = YES;
				CLANG_WARN_OBJC_LITERAL_CONVERSION = YES;
				CLANG_WARN_OBJC_ROOT_CLASS = YES_ERROR;
				CLANG_WARN_QUOTED_INCLUDE_IN_FRAMEWORK_HEADER = YES;
				CLANG_WARN_RANGE_LOOP_ANALYSIS = YES;
				CLANG_WARN_STRICT_PROTOTYPES = YES;
				CLANG_WARN_SUSPICIOUS_MOVE = YES;
				CLANG_WARN_UNGUARDED_AVAILABILITY = YES_AGGRESSIVE;
				CLANG_WARN_UNREACHABLE_CODE = YES;
				CLANG_WARN__DUPLICATE_METHOD_MATCH = YES;
				COPY_PHASE_STRIP = NO;
				DEBUG_INFORMATION_FORMAT = dwarf;
				DEVELOPMENT_TEAM = V8U75D7Q49;
				ENABLE_STRICT_OBJC_MSGSEND = YES;
				ENABLE_TESTABILITY = YES;
				ENABLE_USER_SCRIPT_SANDBOXING = YES;
				GCC_C_LANGUAGE_STANDARD = gnu17;
				GCC_DYNAMIC_NO_PIC = NO;
				GCC_NO_COMMON_BLOCKS = YES;
				GCC_OPTIMIZATION_LEVEL = 0;
				GCC_PREPROCESSOR_DEFINITIONS = (
					"DEBUG=1",
					"$(inherited)",
				);
				GCC_WARN_64_TO_32_BIT_CONVERSION = YES;
				GCC_WARN_ABOUT_RETURN_TYPE = YES_ERROR;
				GCC_WARN_UNDECLARED_SELECTOR = YES;
				GCC_WARN_UNINITIALIZED_AUTOS = YES_AGGRESSIVE;
				GCC_WARN_UNUSED_FUNCTION = YES;
				GCC_WARN_UNUSED_VARIABLE = YES;
				LOCALIZATION_PREFERS_STRING_CATALOGS = YES;
				MACOSX_DEPLOYMENT_TARGET = 15.6;
				MTL_ENABLE_DEBUG_INFO = INCLUDE_SOURCE;
				MTL_FAST_MATH = YES;
				ONLY_ACTIVE_ARCH = YES;
				SDKROOT = macosx;
				SWIFT_ACTIVE_COMPILATION_CONDITIONS = "DEBUG $(inherited)";
				SWIFT_OPTIMIZATION_LEVEL = "-Onone";
			};
			name = Debug;
		};
		1F5D02422FC5862F0016665B /* Release */ = {
			isa = XCBuildConfiguration;
			buildSettings = {
				ALWAYS_SEARCH_USER_PATHS = NO;
				ASSETCATALOG_COMPILER_GENERATE_SWIFT_ASSET_SYMBOL_EXTENSIONS = YES;
				CLANG_ANALYZER_NONNULL = YES;
				CLANG_ANALYZER_NUMBER_OBJECT_CONVERSION = YES_AGGRESSIVE;
				CLANG_CXX_LANGUAGE_STANDARD = "gnu++20";
				CLANG_ENABLE_MODULES = YES;
				CLANG_ENABLE_OBJC_ARC = YES;
				CLANG_ENABLE_OBJC_WEAK = YES;
				CLANG_WARN_BLOCK_CAPTURE_AUTORELEASING = YES;
				CLANG_WARN_BOOL_CONVERSION = YES;
				CLANG_WARN_COMMA = YES;
				CLANG_WARN_CONSTANT_CONVERSION = YES;
				CLANG_WARN_DEPRECATED_OBJC_IMPLEMENTATIONS = YES;
				CLANG_WARN_DIRECT_OBJC_ISA_USAGE = YES_ERROR;
				CLANG_WARN_DOCUMENTATION_COMMENTS = YES;
				CLANG_WARN_EMPTY_BODY = YES;
				CLANG_WARN_ENUM_CONVERSION = YES;
				CLANG_WARN_INFINITE_RECURSION = YES;
				CLANG_WARN_INT_CONVERSION = YES;
				CLANG_WARN_NON_LITERAL_NULL_CONVERSION = YES;
				CLANG_WARN_OBJC_IMPLICIT_RETAIN_SELF = YES;
				CLANG_WARN_OBJC_LITERAL_CONVERSION = YES;
				CLANG_WARN_OBJC_ROOT_CLASS = YES_ERROR;
				CLANG_WARN_QUOTED_INCLUDE_IN_FRAMEWORK_HEADER = YES;
				CLANG_WARN_RANGE_LOOP_ANALYSIS = YES;
				CLANG_WARN_STRICT_PROTOTYPES = YES;
				CLANG_WARN_SUSPICIOUS_MOVE = YES;
				CLANG_WARN_UNGUARDED_AVAILABILITY = YES_AGGRESSIVE;
				CLANG_WARN_UNREACHABLE_CODE = YES;
				CLANG_WARN__DUPLICATE_METHOD_MATCH = YES;
				COPY_PHASE_STRIP = NO;
				DEBUG_INFORMATION_FORMAT = "dwarf-with-dsym";
				DEVELOPMENT_TEAM = V8U75D7Q49;
				ENABLE_NS_ASSERTIONS = NO;
				ENABLE_STRICT_OBJC_MSGSEND = YES;
				ENABLE_USER_SCRIPT_SANDBOXING = YES;
				GCC_C_LANGUAGE_STANDARD = gnu17;
				GCC_NO_COMMON_BLOCKS = YES;
				GCC_WARN_64_TO_32_BIT_CONVERSION = YES;
				GCC_WARN_ABOUT_RETURN_TYPE = YES_ERROR;
				GCC_WARN_UNDECLARED_SELECTOR = YES;
				GCC_WARN_UNINITIALIZED_AUTOS = YES_AGGRESSIVE;
				GCC_WARN_UNUSED_FUNCTION = YES;
				GCC_WARN_UNUSED_VARIABLE = YES;
				LOCALIZATION_PREFERS_STRING_CATALOGS = YES;
				MACOSX_DEPLOYMENT_TARGET = 15.6;
				MTL_ENABLE_DEBUG_INFO = NO;
				MTL_FAST_MATH = YES;
				SDKROOT = macosx;
				SWIFT_COMPILATION_MODE = wholemodule;
			};
			name = Release;
		};
		1F5D02442FC5862F0016665B /* Debug */ = {
			isa = XCBuildConfiguration;
			baseConfigurationReference = 2B616D042FCF000000010001 /* Config/AppBuild.xcconfig */;
			buildSettings = {
				ASSETCATALOG_COMPILER_APPICON_NAME = AppIcon;
				ASSETCATALOG_COMPILER_GLOBAL_ACCENT_COLOR_NAME = AccentColor;
				ASSETCATALOG_COMPILER_INCLUDE_ALL_APPICON_ASSETS = YES;
				CODE_SIGN_ENTITLEMENTS = "whitenoise-mac/whitenoise-mac.entitlements";
				CODE_SIGN_STYLE = Automatic;
				COMBINE_HIDPI_IMAGES = YES;
				CURRENT_PROJECT_VERSION = 2;
				DARKMATTER_AUDIT_LOG_BEARER_TOKEN = "$(AUDIT_LOG_TOKEN_DARKMATTER_MAC)";
				DARKMATTER_OTLP_BEARER_TOKEN = "$(OTLP_TOKEN_DARKMATTER_MAC)";
				DARKMATTER_OTLP_ENDPOINT = "https://otlp.ipf.dev/v1/metrics";
				DARKMATTER_TELEMETRY_ENVIRONMENT = development;
				DEVELOPMENT_TEAM = V8U75D7Q49;
				ENABLE_APP_INTENTS_METADATA_GENERATION = NO;
				ENABLE_APP_SANDBOX = YES;
				ENABLE_HARDENED_RUNTIME = YES;
				ENABLE_PREVIEWS = YES;
				ENABLE_USER_SCRIPT_SANDBOXING = NO;
				ENABLE_USER_SELECTED_FILES = readonly;
				EXTRACT_APP_INTENTS_METADATA = NO;
				GENERATE_INFOPLIST_FILE = NO;
				INFOPLIST_FILE = Config/Info.plist;
				LD_RUNPATH_SEARCH_PATHS = (
					"$(inherited)",
					"@executable_path/../Frameworks",
				);
				MACOSX_DEPLOYMENT_TARGET = 15.6;
				MARKETING_VERSION = 2026.6.21;
				OTHER_LDFLAGS = (
					"$(inherited)",
					"-framework",
					AppIntents,
				);
				PRODUCT_BUNDLE_IDENTIFIER = dev.ipf.whitenoise.mac;
				PRODUCT_MODULE_NAME = whitenoise_mac;
				PRODUCT_NAME = "White Noise";
				REGISTER_APP_GROUPS = YES;
				STRING_CATALOG_GENERATE_SYMBOLS = YES;
				SWIFT_APPROACHABLE_CONCURRENCY = YES;
				SWIFT_DEFAULT_ACTOR_ISOLATION = MainActor;
				SWIFT_EMIT_CONST_VALUE_PROTOCOLS = "AppIntents.AppIntent AppIntents.AppEntity AppIntents.AppEnum AppIntents.AppShortcutsProvider";
				SWIFT_EMIT_LOC_STRINGS = YES;
				SWIFT_UPCOMING_FEATURE_MEMBER_IMPORT_VISIBILITY = YES;
				SWIFT_VERSION = 5.0;
			};
			name = Debug;
		};
		1F5D02452FC5862F0016665B /* Release */ = {
			isa = XCBuildConfiguration;
			baseConfigurationReference = 2B616D042FCF000000010001 /* Config/AppBuild.xcconfig */;
			buildSettings = {
				ASSETCATALOG_COMPILER_APPICON_NAME = AppIcon;
				ASSETCATALOG_COMPILER_GLOBAL_ACCENT_COLOR_NAME = AccentColor;
				ASSETCATALOG_COMPILER_INCLUDE_ALL_APPICON_ASSETS = YES;
				CODE_SIGN_ENTITLEMENTS = "whitenoise-mac/whitenoise-mac.entitlements";
				CODE_SIGN_STYLE = Automatic;
				COMBINE_HIDPI_IMAGES = YES;
				CURRENT_PROJECT_VERSION = 2;
				DARKMATTER_AUDIT_LOG_BEARER_TOKEN = "$(AUDIT_LOG_TOKEN_DARKMATTER_MAC)";
				DARKMATTER_OTLP_BEARER_TOKEN = "$(OTLP_TOKEN_DARKMATTER_MAC)";
				DARKMATTER_OTLP_ENDPOINT = "https://otlp.ipf.dev/v1/metrics";
				DARKMATTER_TELEMETRY_ENVIRONMENT = production;
				DEVELOPMENT_TEAM = V8U75D7Q49;
				ENABLE_APP_INTENTS_METADATA_GENERATION = NO;
				ENABLE_APP_SANDBOX = YES;
				ENABLE_HARDENED_RUNTIME = YES;
				ENABLE_PREVIEWS = YES;
				ENABLE_USER_SCRIPT_SANDBOXING = NO;
				ENABLE_USER_SELECTED_FILES = readonly;
				EXTRACT_APP_INTENTS_METADATA = NO;
				GENERATE_INFOPLIST_FILE = NO;
				INFOPLIST_FILE = Config/Info.plist;
				LD_RUNPATH_SEARCH_PATHS = (
					"$(inherited)",
					"@executable_path/../Frameworks",
				);
				MACOSX_DEPLOYMENT_TARGET = 15.6;
				MARKETING_VERSION = 2026.6.21;
				OTHER_LDFLAGS = (
					"$(inherited)",
					"-framework",
					AppIntents,
				);
				PRODUCT_BUNDLE_IDENTIFIER = dev.ipf.whitenoise.mac;
				PRODUCT_MODULE_NAME = whitenoise_mac;
				PRODUCT_NAME = "White Noise";
				REGISTER_APP_GROUPS = YES;
				STRING_CATALOG_GENERATE_SYMBOLS = YES;
				SWIFT_APPROACHABLE_CONCURRENCY = YES;
				SWIFT_DEFAULT_ACTOR_ISOLATION = MainActor;
				SWIFT_EMIT_CONST_VALUE_PROTOCOLS = "AppIntents.AppIntent AppIntents.AppEntity AppIntents.AppEnum AppIntents.AppShortcutsProvider";
				SWIFT_EMIT_LOC_STRINGS = YES;
				SWIFT_UPCOMING_FEATURE_MEMBER_IMPORT_VISIBILITY = YES;
				SWIFT_VERSION = 5.0;
			};
			name = Release;
		};
		1F5D02472FC5862F0016665B /* Debug */ = {
			isa = XCBuildConfiguration;
			buildSettings = {
				BUNDLE_LOADER = "$(TEST_HOST)";
				CODE_SIGN_STYLE = Automatic;
				CURRENT_PROJECT_VERSION = 1;
				DEVELOPMENT_TEAM = V8U75D7Q49;
				ENABLE_APP_INTENTS_METADATA_GENERATION = NO;
				EXTRACT_APP_INTENTS_METADATA = NO;
				GENERATE_INFOPLIST_FILE = YES;
				MACOSX_DEPLOYMENT_TARGET = 15.6;
				MARKETING_VERSION = 1.0;
				OTHER_LDFLAGS = (
					"$(inherited)",
					"-framework",
					AppIntents,
				);
				PRODUCT_BUNDLE_IDENTIFIER = "dev.ipf.whitenoise-macTests";
				PRODUCT_NAME = "$(TARGET_NAME)";
				STRING_CATALOG_GENERATE_SYMBOLS = NO;
				SWIFT_APPROACHABLE_CONCURRENCY = YES;
				SWIFT_EMIT_CONST_VALUE_PROTOCOLS = "AppIntents.AppIntent AppIntents.AppEntity AppIntents.AppEnum AppIntents.AppShortcutsProvider";
				SWIFT_EMIT_LOC_STRINGS = NO;
				SWIFT_UPCOMING_FEATURE_MEMBER_IMPORT_VISIBILITY = YES;
				SWIFT_VERSION = 5.0;
				TEST_HOST = "$(BUILT_PRODUCTS_DIR)/White Noise.app/$(BUNDLE_EXECUTABLE_FOLDER_PATH)/White Noise";
			};
			name = Debug;
		};
		1F5D02482FC5862F0016665B /* Release */ = {
			isa = XCBuildConfiguration;
			buildSettings = {
				BUNDLE_LOADER = "$(TEST_HOST)";
				CODE_SIGN_STYLE = Automatic;
				CURRENT_PROJECT_VERSION = 1;
				DEVELOPMENT_TEAM = V8U75D7Q49;
				ENABLE_APP_INTENTS_METADATA_GENERATION = NO;
				EXTRACT_APP_INTENTS_METADATA = NO;
				GENERATE_INFOPLIST_FILE = YES;
				MACOSX_DEPLOYMENT_TARGET = 15.6;
				MARKETING_VERSION = 1.0;
				OTHER_LDFLAGS = (
					"$(inherited)",
					"-framework",
					AppIntents,
				);
				PRODUCT_BUNDLE_IDENTIFIER = "dev.ipf.whitenoise-macTests";
				PRODUCT_NAME = "$(TARGET_NAME)";
				STRING_CATALOG_GENERATE_SYMBOLS = NO;
				SWIFT_APPROACHABLE_CONCURRENCY = YES;
				SWIFT_EMIT_CONST_VALUE_PROTOCOLS = "AppIntents.AppIntent AppIntents.AppEntity AppIntents.AppEnum AppIntents.AppShortcutsProvider";
				SWIFT_EMIT_LOC_STRINGS = NO;
				SWIFT_UPCOMING_FEATURE_MEMBER_IMPORT_VISIBILITY = YES;
				SWIFT_VERSION = 5.0;
				TEST_HOST = "$(BUILT_PRODUCTS_DIR)/White Noise.app/$(BUNDLE_EXECUTABLE_FOLDER_PATH)/White Noise";
			};
			name = Release;
		};
		1F5D024A2FC5862F0016665B /* Debug */ = {
			isa = XCBuildConfiguration;
			buildSettings = {
				CODE_SIGN_STYLE = Automatic;
				CURRENT_PROJECT_VERSION = 1;
				DEVELOPMENT_TEAM = V8U75D7Q49;
				ENABLE_APP_INTENTS_METADATA_GENERATION = NO;
				EXTRACT_APP_INTENTS_METADATA = NO;
				GENERATE_INFOPLIST_FILE = YES;
				MARKETING_VERSION = 1.0;
				OTHER_LDFLAGS = (
					"$(inherited)",
					"-framework",
					AppIntents,
				);
				PRODUCT_BUNDLE_IDENTIFIER = "dev.ipf.whitenoise-macUITests";
				PRODUCT_NAME = "$(TARGET_NAME)";
				STRING_CATALOG_GENERATE_SYMBOLS = NO;
				SWIFT_APPROACHABLE_CONCURRENCY = YES;
				SWIFT_EMIT_CONST_VALUE_PROTOCOLS = "AppIntents.AppIntent AppIntents.AppEntity AppIntents.AppEnum AppIntents.AppShortcutsProvider";
				SWIFT_EMIT_LOC_STRINGS = NO;
				SWIFT_UPCOMING_FEATURE_MEMBER_IMPORT_VISIBILITY = YES;
				SWIFT_VERSION = 5.0;
				TEST_TARGET_NAME = "whitenoise-mac";
			};
			name = Debug;
		};
		1F5D024B2FC5862F0016665B /* Release */ = {
			isa = XCBuildConfiguration;
			buildSettings = {
				CODE_SIGN_STYLE = Automatic;
				CURRENT_PROJECT_VERSION = 1;
				DEVELOPMENT_TEAM = V8U75D7Q49;
				ENABLE_APP_INTENTS_METADATA_GENERATION = NO;
				EXTRACT_APP_INTENTS_METADATA = NO;
				GENERATE_INFOPLIST_FILE = YES;
				MARKETING_VERSION = 1.0;
				OTHER_LDFLAGS = (
					"$(inherited)",
					"-framework",
					AppIntents,
				);
				PRODUCT_BUNDLE_IDENTIFIER = "dev.ipf.whitenoise-macUITests";
				PRODUCT_NAME = "$(TARGET_NAME)";
				STRING_CATALOG_GENERATE_SYMBOLS = NO;
				SWIFT_APPROACHABLE_CONCURRENCY = YES;
				SWIFT_EMIT_CONST_VALUE_PROTOCOLS = "AppIntents.AppIntent AppIntents.AppEntity AppIntents.AppEnum AppIntents.AppShortcutsProvider";
				SWIFT_EMIT_LOC_STRINGS = NO;
				SWIFT_UPCOMING_FEATURE_MEMBER_IMPORT_VISIBILITY = YES;
				SWIFT_VERSION = 5.0;
				TEST_TARGET_NAME = "whitenoise-mac";
			};
			name = Release;
		};
/* End XCBuildConfiguration section */

/* Begin XCConfigurationList section */
		1F5D021B2FC5862E0016665B /* Build configuration list for PBXProject "whitenoise-mac" */ = {
			isa = XCConfigurationList;
			buildConfigurations = (
				1F5D02412FC5862F0016665B /* Debug */,
				1F5D02422FC5862F0016665B /* Release */,
			);
			defaultConfigurationIsVisible = 0;
			defaultConfigurationName = Release;
		};
		1F5D02432FC5862F0016665B /* Build configuration list for PBXNativeTarget "whitenoise-mac" */ = {
			isa = XCConfigurationList;
			buildConfigurations = (
				1F5D02442FC5862F0016665B /* Debug */,
				1F5D02452FC5862F0016665B /* Release */,
			);
			defaultConfigurationIsVisible = 0;
			defaultConfigurationName = Release;
		};
		1F5D02462FC5862F0016665B /* Build configuration list for PBXNativeTarget "whitenoise-macTests" */ = {
			isa = XCConfigurationList;
			buildConfigurations = (
				1F5D02472FC5862F0016665B /* Debug */,
				1F5D02482FC5862F0016665B /* Release */,
			);
			defaultConfigurationIsVisible = 0;
			defaultConfigurationName = Release;
		};
		1F5D02492FC5862F0016665B /* Build configuration list for PBXNativeTarget "whitenoise-macUITests" */ = {
			isa = XCConfigurationList;
			buildConfigurations = (
				1F5D024A2FC5862F0016665B /* Debug */,
				1F5D024B2FC5862F0016665B /* Release */,
			);
			defaultConfigurationIsVisible = 0;
			defaultConfigurationName = Release;
		};
/* End XCConfigurationList section */

/* Begin XCLocalSwiftPackageReference section */
		2B616D032FC5900000010001 /* XCLocalSwiftPackageReference "Vendored/MarmotKit" */ = {
			isa = XCLocalSwiftPackageReference;
			relativePath = Vendored/MarmotKit;
		};
/* End XCLocalSwiftPackageReference section */

/* Begin XCSwiftPackageProductDependency section */
		2B616D022FC5900000010001 /* MarmotKit */ = {
			isa = XCSwiftPackageProductDependency;
			productName = MarmotKit;
		};
/* End XCSwiftPackageProductDependency section */
	};
	rootObject = 1F5D02182FC5862E0016665B /* Project object */;
}
